
Microsoft Visual Studio Solution File, Format Version 12.00
# Visual Studio 14
VisualStudioVersion = 14.0.25420.1
MinimumVisualStudioVersion = 10.0.40219.1
Project("{FAE04EC0-301F-11D3-BF4B-00C04F79EFBC}") = "App1.Android", "App1\App1.Android\App1.Android.csproj", "{33C2CD71-8179-4C1E-9E5A-E52020CCCFDD}"
EndProject
Project("{FAE04EC0-301F-11D3-BF4B-00C04F79EFBC}") = "App1", "App1\App1\App1.csproj", "{D6520A0E-ADB8-494F-90F7-29E9D74C8322}"
EndProject
Project("{FAE04EC0-301F-11D3-BF4B-00C04F79EFBC}") = "App1.UWP", "App1\App1.UWP\App1.UWP.csproj", "{2693D762-E207-4B47-AC5E-9FCDCF752DF6}"
EndProject
Project("{FAE04EC0-301F-11D3-BF4B-00C04F79EFBC}") = "App1.iOS", "App1\App1.iOS\App1.iOS.csproj", "{46023CC0-7A64-4CB9-8655-131641BBA30C}"
EndProject
Global
	GlobalSection(SolutionConfigurationPlatforms) = preSolution
		Ad-Hoc|Any CPU = Ad-Hoc|Any CPU
		Ad-Hoc|ARM = Ad-Hoc|ARM
		Ad-Hoc|iPhone = Ad-Hoc|iPhone
		Ad-Hoc|iPhoneSimulator = Ad-Hoc|iPhoneSimulator
		Ad-Hoc|x64 = Ad-Hoc|x64
		Ad-Hoc|x86 = Ad-Hoc|x86
		AppStore|Any CPU = AppStore|Any CPU
		AppStore|ARM = AppStore|ARM
		AppStore|iPhone = AppStore|iPhone
		AppStore|iPhoneSimulator = AppStore|iPhoneSimulator
		AppStore|x64 = AppStore|x64
		AppStore|x86 = AppStore|x86
		Debug|Any CPU = Debug|Any CPU
		Debug|ARM = Debug|ARM
		Debug|iPhone = Debug|iPhone
		Debug|iPhoneSimulator = Debug|iPhoneSimulator
		Debug|x64 = Debug|x64
		Debug|x86 = Debug|x86
		Release|Any CPU = Release|Any CPU
		Release|ARM = Release|ARM
		Release|iPhone = Release|iPhone
		Release|iPhoneSimulator = Release|iPhoneSimulator
		Release|x64 = Release|x64
		Release|x86 = Release|x86
	EndGlobalSection
	GlobalSection(ProjectConfigurationPlatforms) = postSolution
		{33C2CD71-8179-4C1E-9E5A-E52020CCCFDD}.Ad-Hoc|Any CPU.ActiveCfg = Release|Any CPU
		{33C2CD71-8179-4C1E-9E5A-E52020CCCFDD}.Ad-Hoc|Any CPU.Build.0 = Release|Any CPU
		{33C2CD71-8179-4C1E-9E5A-E52020CCCFDD}.Ad-Hoc|Any CPU.Deploy.0 = Release|Any CPU
		{33C2CD71-8179-4C1E-9E5A-E52020CCCFDD}.Ad-Hoc|ARM.ActiveCfg = Release|Any CPU
		{33C2CD71-8179-4C1E-9E5A-E52020CCCFDD}.Ad-Hoc|ARM.Build.0 = Release|Any CPU
		{33C2CD71-8179-4C1E-9E5A-E52020CCCFDD}.Ad-Hoc|ARM.Deploy.0 = Release|Any CPU
		{33C2CD71-8179-4C1E-9E5A-E52020CCCFDD}.Ad-Hoc|iPhone.ActiveCfg = Release|Any CPU
		{33C2CD71-8179-4C1E-9E5A-E52020CCCFDD}.Ad-Hoc|iPhone.Build.0 = Release|Any CPU
		{33C2CD71-8179-4C1E-9E5A-E52020CCCFDD}.Ad-Hoc|iPhone.Deploy.0 = Release|Any CPU
		{33C2CD71-8179-4C1E-9E5A-E52020CCCFDD}.Ad-Hoc|iPhoneSimulator.ActiveCfg = Release|Any CPU
		{33C2CD71-8179-4C1E-9E5A-E52020CCCFDD}.Ad-Hoc|iPhoneSimulator.Build.0 = Release|Any CPU
		{33C2CD71-8179-4C1E-9E5A-E52020CCCFDD}.Ad-Hoc|iPhoneSimulator.Deploy.0 = Release|Any CPU
		{33C2CD71-8179-4C1E-9E5A-E52020CCCFDD}.Ad-Hoc|x64.ActiveCfg = Release|Any CPU
		{33C2CD71-8179-4C1E-9E5A-E52020CCCFDD}.Ad-Hoc|x64.Build.0 = Release|Any CPU
		{33C2CD71-8179-4C1E-9E5A-E52020CCCFDD}.Ad-Hoc|x64.Deploy.0 = Release|Any CPU
		{33C2CD71-8179-4C1E-9E5A-E52020CCCFDD}.Ad-Hoc|x86.ActiveCfg = Release|Any CPU
		{33C2CD71-8179-4C1E-9E5A-E52020CCCFDD}.Ad-Hoc|x86.Build.0 = Release|Any CPU
		{33C2CD71-8179-4C1E-9E5A-E52020CCCFDD}.Ad-Hoc|x86.Deploy.0 = Release|Any CPU
		{33C2CD71-8179-4C1E-9E5A-E52020CCCFDD}.AppStore|Any CPU.ActiveCfg = Release|Any CPU
		{33C2CD71-8179-4C1E-9E5A-E52020CCCFDD}.AppStore|Any CPU.Build.0 = Release|Any CPU
		{33C2CD71-8179-4C1E-9E5A-E52020CCCFDD}.AppStore|Any CPU.Deploy.0 = Release|Any CPU
		{33C2CD71-8179-4C1E-9E5A-E52020CCCFDD}.AppStore|ARM.ActiveCfg = Release|Any CPU
		{33C2CD71-8179-4C1E-9E5A-E52020CCCFDD}.AppStore|ARM.Build.0 = Release|Any CPU
		{33C2CD71-8179-4C1E-9E5A-E52020CCCFDD}.AppStore|ARM.Deploy.0 = Release|Any CPU
		{33C2CD71-8179-4C1E-9E5A-E52020CCCFDD}.AppStore|iPhone.ActiveCfg = Release|Any CPU
		{33C2CD71-8179-4C1E-9E5A-E52020CCCFDD}.AppStore|iPhone.Build.0 = Release|Any CPU
		{33C2CD71-8179-4C1E-9E5A-E52020CCCFDD}.AppStore|iPhone.Deploy.0 = Release|Any CPU
		{33C2CD71-8179-4C1E-9E5A-E52020CCCFDD}.AppStore|iPhoneSimulator.ActiveCfg = Release|Any CPU
		{33C2CD71-8179-4C1E-9E5A-E52020CCCFDD}.AppStore|iPhoneSimulator.Build.0 = Release|Any CPU
		{33C2CD71-8179-4C1E-9E5A-E52020CCCFDD}.AppStore|iPhoneSimulator.Deploy.0 = Release|Any CPU
		{33C2CD71-8179-4C1E-9E5A-E52020CCCFDD}.AppStore|x64.ActiveCfg = Release|Any CPU
		{33C2CD71-8179-4C1E-9E5A-E52020CCCFDD}.AppStore|x64.Build.0 = Release|Any CPU
		{33C2CD71-8179-4C1E-9E5A-E52020CCCFDD}.AppStore|x64.Deploy.0 = Release|Any CPU
		{33C2CD71-8179-4C1E-9E5A-E52020CCCFDD}.AppStore|x86.ActiveCfg = Release|Any CPU
		{33C2CD71-8179-4C1E-9E5A-E52020CCCFDD}.AppStore|x86.Build.0 = Release|Any CPU
		{33C2CD71-8179-4C1E-9E5A-E52020CCCFDD}.AppStore|x86.Deploy.0 = Release|Any CPU
		{33C2CD71-8179-4C1E-9E5A-E52020CCCFDD}.Debug|Any CPU.ActiveCfg = Debug|Any CPU
		{33C2CD71-8179-4C1E-9E5A-E52020CCCFDD}.Debug|Any CPU.Build.0 = Debug|Any CPU
		{33C2CD71-8179-4C1E-9E5A-E52020CCCFDD}.Debug|Any CPU.Deploy.0 = Debug|Any CPU
		{33C2CD71-8179-4C1E-9E5A-E52020CCCFDD}.Debug|ARM.ActiveCfg = Debug|Any CPU
		{33C2CD71-8179-4C1E-9E5A-E52020CCCFDD}.Debug|ARM.Build.0 = Debug|Any CPU
		{33C2CD71-8179-4C1E-9E5A-E52020CCCFDD}.Debug|ARM.Deploy.0 = Debug|Any CPU
		{33C2CD71-8179-4C1E-9E5A-E52020CCCFDD}.Debug|iPhone.ActiveCfg = Debug|Any CPU
		{33C2CD71-8179-4C1E-9E5A-E52020CCCFDD}.Debug|iPhone.Build.0 = Debug|Any CPU
		{33C2CD71-8179-4C1E-9E5A-E52020CCCFDD}.Debug|iPhone.Deploy.0 = Debug|Any CPU
		{33C2CD71-8179-4C1E-9E5A-E52020CCCFDD}.Debug|iPhoneSimulator.ActiveCfg = Debug|Any CPU
		{33C2CD71-8179-4C1E-9E5A-E52020CCCFDD}.Debug|iPhoneSimulator.Build.0 = Debug|Any CPU
		{33C2CD71-8179-4C1E-9E5A-E52020CCCFDD}.Debug|iPhoneSimulator.Deploy.0 = Debug|Any CPU
		{33C2CD71-8179-4C1E-9E5A-E52020CCCFDD}.Debug|x64.ActiveCfg = Debug|Any CPU
		{33C2CD71-8179-4C1E-9E5A-E52020CCCFDD}.Debug|x64.Build.0 = Debug|Any CPU
		{33C2CD71-8179-4C1E-9E5A-E52020CCCFDD}.Debug|x64.Deploy.0 = Debug|Any CPU
		{33C2CD71-8179-4C1E-9E5A-E52020CCCFDD}.Debug|x86.ActiveCfg = Debug|Any CPU
		{33C2CD71-8179-4C1E-9E5A-E52020CCCFDD}.Debug|x86.Build.0 = Debug|Any CPU
		{33C2CD71-8179-4C1E-9E5A-E52020CCCFDD}.Debug|x86.Deploy.0 = Debug|Any CPU
		{33C2CD71-8179-4C1E-9E5A-E52020CCCFDD}.Release|Any CPU.ActiveCfg = Release|Any CPU
		{33C2CD71-8179-4C1E-9E5A-E52020CCCFDD}.Release|Any CPU.Build.0 = Release|Any CPU
		{33C2CD71-8179-4C1E-9E5A-E52020CCCFDD}.Release|Any CPU.Deploy.0 = Release|Any CPU
		{33C2CD71-8179-4C1E-9E5A-E52020CCCFDD}.Release|ARM.ActiveCfg = Release|Any CPU
		{33C2CD71-8179-4C1E-9E5A-E52020CCCFDD}.Release|ARM.Build.0 = Release|Any CPU
		{33C2CD71-8179-4C1E-9E5A-E52020CCCFDD}.Release|ARM.Deploy.0 = Release|Any CPU
		{33C2CD71-8179-4C1E-9E5A-E52020CCCFDD}.Release|iPhone.ActiveCfg = Release|Any CPU
		{33C2CD71-8179-4C1E-9E5A-E52020CCCFDD}.Release|iPhone.Build.0 = Release|Any CPU
		{33C2CD71-8179-4C1E-9E5A-E52020CCCFDD}.Release|iPhone.Deploy.0 = Release|Any CPU
		{33C2CD71-8179-4C1E-9E5A-E52020CCCFDD}.Release|iPhoneSimulator.ActiveCfg = Release|Any CPU
		{33C2CD71-8179-4C1E-9E5A-E52020CCCFDD}.Release|iPhoneSimulator.Build.0 = Release|Any CPU
		{33C2CD71-8179-4C1E-9E5A-E52020CCCFDD}.Release|iPhoneSimulator.Deploy.0 = Release|Any CPU
		{33C2CD71-8179-4C1E-9E5A-E52020CCCFDD}.Release|x64.ActiveCfg = Release|Any CPU
		{33C2CD71-8179-4C1E-9E5A-E52020CCCFDD}.Release|x64.Build.0 = Release|Any CPU
		{33C2CD71-8179-4C1E-9E5A-E52020CCCFDD}.Release|x64.Deploy.0 = Release|Any CPU
		{33C2CD71-8179-4C1E-9E5A-E52020CCCFDD}.Release|x86.ActiveCfg = Release|Any CPU
		{33C2CD71-8179-4C1E-9E5A-E52020CCCFDD}.Release|x86.Build.0 = Release|Any CPU
		{33C2CD71-8179-4C1E-9E5A-E52020CCCFDD}.Release|x86.Deploy.0 = Release|Any CPU
		{D6520A0E-ADB8-494F-90F7-29E9D74C8322}.Ad-Hoc|Any CPU.ActiveCfg = Release|Any CPU
		{D6520A0E-ADB8-494F-90F7-29E9D74C8322}.Ad-Hoc|Any CPU.Build.0 = Release|Any CPU
		{D6520A0E-ADB8-494F-90F7-29E9D74C8322}.Ad-Hoc|ARM.ActiveCfg = Release|Any CPU
		{D6520A0E-ADB8-494F-90F7-29E9D74C8322}.Ad-Hoc|ARM.Build.0 = Release|Any CPU
		{D6520A0E-ADB8-494F-90F7-29E9D74C8322}.Ad-Hoc|iPhone.ActiveCfg = Release|Any CPU
		{D6520A0E-ADB8-494F-90F7-29E9D74C8322}.Ad-Hoc|iPhone.Build.0 = Release|Any CPU
		{D6520A0E-ADB8-494F-90F7-29E9D74C8322}.Ad-Hoc|iPhoneSimulator.ActiveCfg = Release|Any CPU
		{D6520A0E-ADB8-494F-90F7-29E9D74C8322}.Ad-Hoc|iPhoneSimulator.Build.0 = Release|Any CPU
		{D6520A0E-ADB8-494F-90F7-29E9D74C8322}.Ad-Hoc|x64.ActiveCfg = Release|Any CPU
		{D6520A0E-ADB8-494F-90F7-29E9D74C8322}.Ad-Hoc|x64.Build.0 = Release|Any CPU
		{D6520A0E-ADB8-494F-90F7-29E9D74C8322}.Ad-Hoc|x86.ActiveCfg = Release|Any CPU
		{D6520A0E-ADB8-494F-90F7-29E9D74C8322}.Ad-Hoc|x86.Build.0 = Release|Any CPU
		{D6520A0E-ADB8-494F-90F7-29E9D74C8322}.AppStore|Any CPU.ActiveCfg = Release|Any CPU
		{D6520A0E-ADB8-494F-90F7-29E9D74C8322}.AppStore|Any CPU.Build.0 = Release|Any CPU
		{D6520A0E-ADB8-494F-90F7-29E9D74C8322}.AppStore|ARM.ActiveCfg = Release|Any CPU
		{D6520A0E-ADB8-494F-90F7-29E9D74C8322}.AppStore|ARM.Build.0 = Release|Any CPU
		{D6520A0E-ADB8-494F-90F7-29E9D74C8322}.AppStore|iPhone.ActiveCfg = Release|Any CPU
		{D6520A0E-ADB8-494F-90F7-29E9D74C8322}.AppStore|iPhone.Build.0 = Release|Any CPU
		{D6520A0E-ADB8-494F-90F7-29E9D74C8322}.AppStore|iPhoneSimulator.ActiveCfg = Release|Any CPU
		{D6520A0E-ADB8-494F-90F7-29E9D74C8322}.AppStore|iPhoneSimulator.Build.0 = Release|Any CPU
		{D6520A0E-ADB8-494F-90F7-29E9D74C8322}.AppStore|x64.ActiveCfg = Release|Any CPU
		{D6520A0E-ADB8-494F-90F7-29E9D74C8322}.AppStore|x64.Build.0 = Release|Any CPU
		{D6520A0E-ADB8-494F-90F7-29E9D74C8322}.AppStore|x86.ActiveCfg = Release|Any CPU
		{D6520A0E-ADB8-494F-90F7-29E9D74C8322}.AppStore|x86.Build.0 = Release|Any CPU
		{D6520A0E-ADB8-494F-90F7-29E9D74C8322}.Debug|Any CPU.ActiveCfg = Debug|Any CPU
		{D6520A0E-ADB8-494F-90F7-29E9D74C8322}.Debug|Any CPU.Build.0 = Debug|Any CPU
		{D6520A0E-ADB8-494F-90F7-29E9D74C8322}.Debug|ARM.ActiveCfg = Debug|Any CPU
		{D6520A0E-ADB8-494F-90F7-29E9D74C8322}.Debug|ARM.Build.0 = Debug|Any CPU
		{D6520A0E-ADB8-494F-90F7-29E9D74C8322}.Debug|iPhone.ActiveCfg = Debug|Any CPU
		{D6520A0E-ADB8-494F-90F7-29E9D74C8322}.Debug|iPhone.Build.0 = Debug|Any CPU
		{D6520A0E-ADB8-494F-90F7-29E9D74C8322}.Debug|iPhoneSimulator.ActiveCfg = Debug|Any CPU
		{D6520A0E-ADB8-494F-90F7-29E9D74C8322}.Debug|iPhoneSimulator.Build.0 = Debug|Any CPU
		{D6520A0E-ADB8-494F-90F7-29E9D74C8322}.Debug|x64.ActiveCfg = Debug|Any CPU
		{D6520A0E-ADB8-494F-90F7-29E9D74C8322}.Debug|x64.Build.0 = Debug|Any CPU
		{D6520A0E-ADB8-494F-90F7-29E9D74C8322}.Debug|x86.ActiveCfg = Debug|Any CPU
		{D6520A0E-ADB8-494F-90F7-29E9D74C8322}.Debug|x86.Build.0 = Debug|Any CPU
		{D6520A0E-ADB8-494F-90F7-29E9D74C8322}.Release|Any CPU.ActiveCfg = Release|Any CPU
		{D6520A0E-ADB8-494F-90F7-29E9D74C8322}.Release|Any CPU.Build.0 = Release|Any CPU
		{D6520A0E-ADB8-494F-90F7-29E9D74C8322}.Release|ARM.ActiveCfg = Release|Any CPU
		{D6520A0E-ADB8-494F-90F7-29E9D74C8322}.Release|ARM.Build.0 = Release|Any CPU
		{D6520A0E-ADB8-494F-90F7-29E9D74C8322}.Release|iPhone.ActiveCfg = Release|Any CPU
		{D6520A0E-ADB8-494F-90F7-29E9D74C8322}.Release|iPhone.Build.0 = Release|Any CPU
		{D6520A0E-ADB8-494F-90F7-29E9D74C8322}.Release|iPhoneSimulator.ActiveCfg = Release|Any CPU
		{D6520A0E-ADB8-494F-90F7-29E9D74C8322}.Release|iPhoneSimulator.Build.0 = Release|Any CPU
		{D6520A0E-ADB8-494F-90F7-29E9D74C8322}.Release|x64.ActiveCfg = Release|Any CPU
		{D6520A0E-ADB8-494F-90F7-29E9D74C8322}.Release|x64.Build.0 = Release|Any CPU
		{D6520A0E-ADB8-494F-90F7-29E9D74C8322}.Release|x86.ActiveCfg = Release|Any CPU
		{D6520A0E-ADB8-494F-90F7-29E9D74C8322}.Release|x86.Build.0 = Release|Any CPU
		{2693D762-E207-4B47-AC5E-9FCDCF752DF6}.Ad-Hoc|Any CPU.ActiveCfg = Release|x86
		{2693D762-E207-4B47-AC5E-9FCDCF752DF6}.Ad-Hoc|Any CPU.Build.0 = Release|x86
		{2693D762-E207-4B47-AC5E-9FCDCF752DF6}.Ad-Hoc|Any CPU.Deploy.0 = Release|x86
		{2693D762-E207-4B47-AC5E-9FCDCF752DF6}.Ad-Hoc|ARM.ActiveCfg = Release|ARM
		{2693D762-E207-4B47-AC5E-9FCDCF752DF6}.Ad-Hoc|ARM.Build.0 = Release|ARM
		{2693D762-E207-4B47-AC5E-9FCDCF752DF6}.Ad-Hoc|ARM.Deploy.0 = Release|ARM
		{2693D762-E207-4B47-AC5E-9FCDCF752DF6}.Ad-Hoc|iPhone.ActiveCfg = Release|x86
		{2693D762-E207-4B47-AC5E-9FCDCF752DF6}.Ad-Hoc|iPhone.Build.0 = Release|x86
		{2693D762-E207-4B47-AC5E-9FCDCF752DF6}.Ad-Hoc|iPhone.Deploy.0 = Release|x86
		{2693D762-E207-4B47-AC5E-9FCDCF752DF6}.Ad-Hoc|iPhoneSimulator.ActiveCfg = Release|x86
		{2693D762-E207-4B47-AC5E-9FCDCF752DF6}.Ad-Hoc|iPhoneSimulator.Build.0 = Release|x86
		{2693D762-E207-4B47-AC5E-9FCDCF752DF6}.Ad-Hoc|iPhoneSimulator.Deploy.0 = Release|x86
		{2693D762-E207-4B47-AC5E-9FCDCF752DF6}.Ad-Hoc|x64.ActiveCfg = Release|x64
		{2693D762-E207-4B47-AC5E-9FCDCF752DF6}.Ad-Hoc|x64.Build.0 = Release|x64
		{2693D762-E207-4B47-AC5E-9FCDCF752DF6}.Ad-Hoc|x64.Deploy.0 = Release|x64
		{2693D762-E207-4B47-AC5E-9FCDCF752DF6}.Ad-Hoc|x86.ActiveCfg = Release|x86
		{2693D762-E207-4B47-AC5E-9FCDCF752DF6}.Ad-Hoc|x86.Build.0 = Release|x86
		{2693D762-E207-4B47-AC5E-9FCDCF752DF6}.Ad-Hoc|x86.Deploy.0 = Release|x86
		{2693D762-E207-4B47-AC5E-9FCDCF752DF6}.AppStore|Any CPU.ActiveCfg = Release|x86
		{2693D762-E207-4B47-AC5E-9FCDCF752DF6}.AppStore|Any CPU.Build.0 = Release|x86
		{2693D762-E207-4B47-AC5E-9FCDCF752DF6}.AppStore|Any CPU.Deploy.0 = Release|x86
		{2693D762-E207-4B47-AC5E-9FCDCF752DF6}.AppStore|ARM.ActiveCfg = Release|ARM
		{2693D762-E207-4B47-AC5E-9FCDCF752DF6}.AppStore|ARM.Build.0 = Release|ARM
		{2693D762-E207-4B47-AC5E-9FCDCF752DF6}.AppStore|ARM.Deploy.0 = Release|ARM
		{2693D762-E207-4B47-AC5E-9FCDCF752DF6}.AppStore|iPhone.ActiveCfg = Release|x86
		{2693D762-E207-4B47-AC5E-9FCDCF752DF6}.AppStore|iPhone.Build.0 = Release|x86
		{2693D762-E207-4B47-AC5E-9FCDCF752DF6}.AppStore|iPhone.Deploy.0 = Release|x86
		{2693D762-E207-4B47-AC5E-9FCDCF752DF6}.AppStore|iPhoneSimulator.ActiveCfg = Release|x86
		{2693D762-E207-4B47-AC5E-9FCDCF752DF6}.AppStore|iPhoneSimulator.Build.0 = Release|x86
		{2693D762-E207-4B47-AC5E-9FCDCF752DF6}.AppStore|iPhoneSimulator.Deploy.0 = Release|x86
		{2693D762-E207-4B47-AC5E-9FCDCF752DF6}.AppStore|x64.ActiveCfg = Release|x64
		{2693D762-E207-4B47-AC5E-9FCDCF752DF6}.AppStore|x64.Build.0 = Release|x64
		{2693D762-E207-4B47-AC5E-9FCDCF752DF6}.AppStore|x64.Deploy.0 = Release|x64
		{2693D762-E207-4B47-AC5E-9FCDCF752DF6}.AppStore|x86.ActiveCfg = Release|x86
		{2693D762-E207-4B47-AC5E-9FCDCF752DF6}.AppStore|x86.Build.0 = Release|x86
		{2693D762-E207-4B47-AC5E-9FCDCF752DF6}.AppStore|x86.Deploy.0 = Release|x86
		{2693D762-E207-4B47-AC5E-9FCDCF752DF6}.Debug|Any CPU.ActiveCfg = Debug|x86
		{2693D762-E207-4B47-AC5E-9FCDCF752DF6}.Debug|ARM.ActiveCfg = Debug|ARM
		{2693D762-E207-4B47-AC5E-9FCDCF752DF6}.Debug|ARM.Build.0 = Debug|ARM
		{2693D762-E207-4B47-AC5E-9FCDCF752DF6}.Debug|ARM.Deploy.0 = Debug|ARM
		{2693D762-E207-4B47-AC5E-9FCDCF752DF6}.Debug|iPhone.ActiveCfg = Debug|x86
		{2693D762-E207-4B47-AC5E-9FCDCF752DF6}.Debug|iPhoneSimulator.ActiveCfg = Debug|x86
		{2693D762-E207-4B47-AC5E-9FCDCF752DF6}.Debug|x64.ActiveCfg = Debug|x64
		{2693D762-E207-4B47-AC5E-9FCDCF752DF6}.Debug|x64.Build.0 = Debug|x64
		{2693D762-E207-4B47-AC5E-9FCDCF752DF6}.Debug|x64.Deploy.0 = Debug|x64
		{2693D762-E207-4B47-AC5E-9FCDCF752DF6}.Debug|x86.ActiveCfg = Debug|x86
		{2693D762-E207-4B47-AC5E-9FCDCF752DF6}.Debug|x86.Build.0 = Debug|x86
		{2693D762-E207-4B47-AC5E-9FCDCF752DF6}.Debug|x86.Deploy.0 = Debug|x86
		{2693D762-E207-4B47-AC5E-9FCDCF752DF6}.Release|Any CPU.ActiveCfg = Release|x86
		{2693D762-E207-4B47-AC5E-9FCDCF752DF6}.Release|ARM.ActiveCfg = Release|ARM
		{2693D762-E207-4B47-AC5E-9FCDCF752DF6}.Release|ARM.Build.0 = Release|ARM
		{2693D762-E207-4B47-AC5E-9FCDCF752DF6}.Release|ARM.Deploy.0 = Release|ARM
		{2693D762-E207-4B47-AC5E-9FCDCF752DF6}.Release|iPhone.ActiveCfg = Release|x86
		{2693D762-E207-4B47-AC5E-9FCDCF752DF6}.Release|iPhoneSimulator.ActiveCfg = Release|x86
		{2693D762-E207-4B47-AC5E-9FCDCF752DF6}.Release|x64.ActiveCfg = Release|x64
		{2693D762-E207-4B47-AC5E-9FCDCF752DF6}.Release|x64.Build.0 = Release|x64
		{2693D762-E207-4B47-AC5E-9FCDCF752DF6}.Release|x64.Deploy.0 = Release|x64
		{2693D762-E207-4B47-AC5E-9FCDCF752DF6}.Release|x86.ActiveCfg = Release|x86
		{2693D762-E207-4B47-AC5E-9FCDCF752DF6}.Release|x86.Build.0 = Release|x86
		{2693D762-E207-4B47-AC5E-9FCDCF752DF6}.Release|x86.Deploy.0 = Release|x86
		{46023CC0-7A64-4CB9-8655-131641BBA30C}.Ad-Hoc|Any CPU.ActiveCfg = Ad-Hoc|iPhone
		{46023CC0-7A64-4CB9-8655-131641BBA30C}.Ad-Hoc|ARM.ActiveCfg = Ad-Hoc|iPhone
		{46023CC0-7A64-4CB9-8655-131641BBA30C}.Ad-Hoc|iPhone.ActiveCfg = Ad-Hoc|iPhone
		{46023CC0-7A64-4CB9-8655-131641BBA30C}.Ad-Hoc|iPhone.Build.0 = Ad-Hoc|iPhone
		{46023CC0-7A64-4CB9-8655-131641BBA30C}.Ad-Hoc|iPhoneSimulator.ActiveCfg = Ad-Hoc|iPhoneSimulator
		{46023CC0-7A64-4CB9-8655-131641BBA30C}.Ad-Hoc|iPhoneSimulator.Build.0 = Ad-Hoc|iPhoneSimulator
		{46023CC0-7A64-4CB9-8655-131641BBA30C}.Ad-Hoc|x64.ActiveCfg = Ad-Hoc|iPhone
		{46023CC0-7A64-4CB9-8655-131641BBA30C}.Ad-Hoc|x86.ActiveCfg = Ad-Hoc|iPhone
		{46023CC0-7A64-4CB9-8655-131641BBA30C}.AppStore|Any CPU.ActiveCfg = AppStore|iPhone
		{46023CC0-7A64-4CB9-8655-131641BBA30C}.AppStore|ARM.ActiveCfg = AppStore|iPhone
		{46023CC0-7A64-4CB9-8655-131641BBA30C}.AppStore|iPhone.ActiveCfg = AppStore|iPhone
		{46023CC0-7A64-4CB9-8655-131641BBA30C}.AppStore|iPhone.Build.0 = AppStore|iPhone
		{46023CC0-7A64-4CB9-8655-131641BBA30C}.AppStore|iPhoneSimulator.ActiveCfg = AppStore|iPhoneSimulator
		{46023CC0-7A64-4CB9-8655-131641BBA30C}.AppStore|iPhoneSimulator.Build.0 = AppStore|iPhoneSimulator
		{46023CC0-7A64-4CB9-8655-131641BBA30C}.AppStore|x64.ActiveCfg = AppStore|iPhone
		{46023CC0-7A64-4CB9-8655-131641BBA30C}.AppStore|x86.ActiveCfg = AppStore|iPhone
		{46023CC0-7A64-4CB9-8655-131641BBA30C}.Debug|Any CPU.ActiveCfg = Debug|iPhone
		{46023CC0-7A64-4CB9-8655-131641BBA30C}.Debug|ARM.ActiveCfg = Debug|iPhone
		{46023CC0-7A64-4CB9-8655-131641BBA30C}.Debug|iPhone.ActiveCfg = Debug|iPhone
		{46023CC0-7A64-4CB9-8655-131641BBA30C}.Debug|iPhone.Build.0 = Debug|iPhone
		{46023CC0-7A64-4CB9-8655-131641BBA30C}.Debug|iPhoneSimulator.ActiveCfg = Debug|iPhoneSimulator
		{46023CC0-7A64-4CB9-8655-131641BBA30C}.Debug|iPhoneSimulator.Build.0 = Debug|iPhoneSimulator
		{46023CC0-7A64-4CB9-8655-131641BBA30C}.Debug|x64.ActiveCfg = Debug|iPhone
		{46023CC0-7A64-4CB9-8655-131641BBA30C}.Debug|x86.ActiveCfg = Debug|iPhone
		{46023CC0-7A64-4CB9-8655-131641BBA30C}.Release|Any CPU.ActiveCfg = Release|iPhone
		{46023CC0-7A64-4CB9-8655-131641BBA30C}.Release|ARM.ActiveCfg = Release|iPhone
		{46023CC0-7A64-4CB9-8655-131641BBA30C}.Release|iPhone.ActiveCfg = Release|iPhone
		{46023CC0-7A64-4CB9-8655-131641BBA30C}.Release|iPhone.Build.0 = Release|iPhone
		{46023CC0-7A64-4CB9-8655-131641BBA30C}.Release|iPhoneSimulator.ActiveCfg = Release|iPhoneSimulator
		{46023CC0-7A64-4CB9-8655-131641BBA30C}.Release|iPhoneSimulator.Build.0 = Release|iPhoneSimulator
		{46023CC0-7A64-4CB9-8655-131641BBA30C}.Release|x64.ActiveCfg = Release|iPhone
		{46023CC0-7A64-4CB9-8655-131641BBA30C}.Release|x86.ActiveCfg = Release|iPhone
	EndGlobalSection
	GlobalSection(SolutionProperties) = preSolution
		HideSolutionNode = FALSE
	EndGlobalSection
EndGlobal
